{
  "name": "fzn-pack",
  "version": "1.0.0",
  "lockfileVersion": 1,
  "requires": true,
  "dependencies": {
    "tabable": {
      "version": "1.0.0",
      "resolved": "https://registry.npmmirror.com/tabable/-/tabable-1.0.0.tgz",
      "integrity": "sha512-Ss/+b6uA/5xd3aZYzjxuSMnxnu/mGiJ7hyPN1q2h0KfOW7ynSWZjURai8ERDI3yXVCzYK2PGWY6LYUTwAotmtA==",
      "dev": true
    },
    "tapable": {
      "version": "2.2.1",
      "resolved": "https://registry.npmmirror.com/tapable/-/tapable-2.2.1.tgz",
      "integrity": "sha512-GNzQvQTOIP6RyTfE2Qxb8ZVlNmw0n88vp1szwWRimP02mnTsx3Wtn5qRdqY9w2XduFNUgvOwhNnQsjwCp+kqaQ==",
      "dev": true
    }
  }
}
